
Microsoft Visual Studio Solution File, Format Version 12.00
# Visual Studio Version 16
VisualStudioVersion = 16.0.29728.190
MinimumVisualStudioVersion = 10.0.40219.1
Project("{FAE04EC0-301F-11D3-BF4B-00C04F79EFBC}") = "eWaiterTest", "eWaiterTest\eWaiterTest.csproj", "{DC91DE8B-A6A2-4794-A7A1-E7F8FD7ED8A3}"
EndProject
Project("{FAE04EC0-301F-11D3-BF4B-00C04F79EFBC}") = "Contracts", "Contracts\Contracts.csproj", "{F8118939-BE50-4395-A718-1E4BC2EEF5EC}"
EndProject
Project("{FAE04EC0-301F-11D3-BF4B-00C04F79EFBC}") = "LoggerService", "LoggerService\LoggerService.csproj", "{C10ECAA7-BB37-4837-80D6-E80B78201FEB}"
EndProject
Project("{FAE04EC0-301F-11D3-BF4B-00C04F79EFBC}") = "Models", "Models\Models.csproj", "{52672309-DE55-45F9-8BEC-ECE0E161CF7A}"
EndProject
Project("{FAE04EC0-301F-11D3-BF4B-00C04F79EFBC}") = "Repository", "Repository\Repository.csproj", "{A097AC74-294F-4C2A-A6B1-05031812AD90}"
EndProject
Global
	GlobalSection(SolutionConfigurationPlatforms) = preSolution
		Debug|Any CPU = Debug|Any CPU
		Release|Any CPU = Release|Any CPU
	EndGlobalSection
	GlobalSection(ProjectConfigurationPlatforms) = postSolution
		{DC91DE8B-A6A2-4794-A7A1-E7F8FD7ED8A3}.Debug|Any CPU.ActiveCfg = Debug|Any CPU
		{DC91DE8B-A6A2-4794-A7A1-E7F8FD7ED8A3}.Debug|Any CPU.Build.0 = Debug|Any CPU
		{DC91DE8B-A6A2-4794-A7A1-E7F8FD7ED8A3}.Release|Any CPU.ActiveCfg = Release|Any CPU
		{DC91DE8B-A6A2-4794-A7A1-E7F8FD7ED8A3}.Release|Any CPU.Build.0 = Release|Any CPU
		{F8118939-BE50-4395-A718-1E4BC2EEF5EC}.Debug|Any CPU.ActiveCfg = Debug|Any CPU
		{F8118939-BE50-4395-A718-1E4BC2EEF5EC}.Debug|Any CPU.Build.0 = Debug|Any CPU
		{F8118939-BE50-4395-A718-1E4BC2EEF5EC}.Release|Any CPU.ActiveCfg = Release|Any CPU
		{F8118939-BE50-4395-A718-1E4BC2EEF5EC}.Release|Any CPU.Build.0 = Release|Any CPU
		{C10ECAA7-BB37-4837-80D6-E80B78201FEB}.Debug|Any CPU.ActiveCfg = Debug|Any CPU
		{C10ECAA7-BB37-4837-80D6-E80B78201FEB}.Debug|Any CPU.Build.0 = Debug|Any CPU
		{C10ECAA7-BB37-4837-80D6-E80B78201FEB}.Release|Any CPU.ActiveCfg = Release|Any CPU
		{C10ECAA7-BB37-4837-80D6-E80B78201FEB}.Release|Any CPU.Build.0 = Release|Any CPU
		{52672309-DE55-45F9-8BEC-ECE0E161CF7A}.Debug|Any CPU.ActiveCfg = Debug|Any CPU
		{52672309-DE55-45F9-8BEC-ECE0E161CF7A}.Debug|Any CPU.Build.0 = Debug|Any CPU
		{52672309-DE55-45F9-8BEC-ECE0E161CF7A}.Release|Any CPU.ActiveCfg = Release|Any CPU
		{52672309-DE55-45F9-8BEC-ECE0E161CF7A}.Release|Any CPU.Build.0 = Release|Any CPU
		{A097AC74-294F-4C2A-A6B1-05031812AD90}.Debug|Any CPU.ActiveCfg = Debug|Any CPU
		{A097AC74-294F-4C2A-A6B1-05031812AD90}.Debug|Any CPU.Build.0 = Debug|Any CPU
		{A097AC74-294F-4C2A-A6B1-05031812AD90}.Release|Any CPU.ActiveCfg = Release|Any CPU
		{A097AC74-294F-4C2A-A6B1-05031812AD90}.Release|Any CPU.Build.0 = Release|Any CPU
	EndGlobalSection
	GlobalSection(SolutionProperties) = preSolution
		HideSolutionNode = FALSE
	EndGlobalSection
	GlobalSection(ExtensibilityGlobals) = postSolution
		SolutionGuid = {12EB3764-9321-4DD1-8CC1-2AA29F17B754}
	EndGlobalSection
EndGlobal
